// !$*UTF8*$!
{
	archiveVersion = 1;
	classes = {
	};
	objectVersion = 52;
	objects = {

/* Begin PBXBuildFile section */
		25263C4B2513AA9000FC9F80 /* SearchFileNameResultViewController.swift in Sources */ = {isa = PBXBuildFile; fileRef = 25263C442513AA8F00FC9F80 /* SearchFileNameResultViewController.swift */; };
		25263C4C2513AA9000FC9F80 /* SelectDirectoryViewController.swift in Sources */ = {isa = PBXBuildFile; fileRef = 25263C452513AA8F00FC9F80 /* SelectDirectoryViewController.swift */; };
		25263C4D2513AA9000FC9F80 /* SearchPreferences.swift in Sources */ = {isa = PBXBuildFile; fileRef = 25263C462513AA8F00FC9F80 /* SearchPreferences.swift */; };
		25263C4F2513AA9000FC9F80 /* LogoInfoViewController.swift in Sources */ = {isa = PBXBuildFile; fileRef = 25263C482513AA8F00FC9F80 /* LogoInfoViewController.swift */; };
		25263C512513AA9000FC9F80 /* AppDelegate.swift in Sources */ = {isa = PBXBuildFile; fileRef = 25263C4A2513AA9000FC9F80 /* AppDelegate.swift */; };
		25872C052513A56900E42E11 /* Assets.xcassets in Resources */ = {isa = PBXBuildFile; fileRef = 25872C042513A56900E42E11 /* Assets.xcassets */; };
		25872C082513A56900E42E11 /* Main.storyboard in Resources */ = {isa = PBXBuildFile; fileRef = 25872C062513A56900E42E11 /* Main.storyboard */; };
		259713E7251A402B0074093F /* FileExplorer in Frameworks */ = {isa = PBXBuildFile; productRef = 259713E6251A402B0074093F /* FileExplorer */; };
/* End PBXBuildFile section */

/* Begin PBXFileReference section */
		25263C432513AA3300FC9F80 /* FileExplorer */ = {isa = PBXFileReference; lastKnownFileType = folder; path = FileExplorer; sourceTree = "<group>"; };
		25263C442513AA8F00FC9F80 /* SearchFileNameResultViewController.swift */ = {isa = PBXFileReference; fileEncoding = 4; lastKnownFileType = sourcecode.swift; path = SearchFileNameResultViewController.swift; sourceTree = "<group>"; };
		25263C452513AA8F00FC9F80 /* SelectDirectoryViewController.swift */ = {isa = PBXFileReference; fileEncoding = 4; lastKnownFileType = sourcecode.swift; path = SelectDirectoryViewController.swift; sourceTree = "<group>"; };
		25263C462513AA8F00FC9F80 /* SearchPreferences.swift */ = {isa = PBXFileReference; fileEncoding = 4; lastKnownFileType = sourcecode.swift; path = SearchPreferences.swift; sourceTree = "<group>"; };
		25263C482513AA8F00FC9F80 /* LogoInfoViewController.swift */ = {isa = PBXFileReference; fileEncoding = 4; lastKnownFileType = sourcecode.swift; path = LogoInfoViewController.swift; sourceTree = "<group>"; };
		25263C4A2513AA9000FC9F80 /* AppDelegate.swift */ = {isa = PBXFileReference; fileEncoding = 4; lastKnownFileType = sourcecode.swift; path = AppDelegate.swift; sourceTree = "<group>"; };
		25872BFD2513A56800E42E11 /* FindDuplicateFileName.app */ = {isa = PBXFileReference; explicitFileType = wrapper.application; includeInIndex = 0; path = FindDuplicateFileName.app; sourceTree = BUILT_PRODUCTS_DIR; };
		25872C042513A56900E42E11 /* Assets.xcassets */ = {isa = PBXFileReference; lastKnownFileType = folder.assetcatalog; path = Assets.xcassets; sourceTree = "<group>"; };
		25872C072513A56900E42E11 /* Base */ = {isa = PBXFileReference; lastKnownFileType = file.storyboard; name = Base; path = Base.lproj/Main.storyboard; sourceTree = "<group>"; };
		25872C092513A56900E42E11 /* Info.plist */ = {isa = PBXFileReference; lastKnownFileType = text.plist.xml; path = Info.plist; sourceTree = "<group>"; };
		25872C0A2513A56900E42E11 /* FindDuplicateFileName.entitlements */ = {isa = PBXFileReference; lastKnownFileType = text.plist.entitlements; path = FindDuplicateFileName.entitlements; sourceTree = "<group>"; };
/* End PBXFileReference section */

/* Begin PBXFrameworksBuildPhase section */
		25872BFA2513A56800E42E11 /* Frameworks */ = {
			isa = PBXFrameworksBuildPhase;
			buildActionMask = 2147483647;
			files = (
				259713E7251A402B0074093F /* FileExplorer in Frameworks */,
			);
			runOnlyForDeploymentPostprocessing = 0;
		};
/* End PBXFrameworksBuildPhase section */

/* Begin PBXGroup section */
		25872BF42513A56800E42E11 = {
			isa = PBXGroup;
			children = (
				25872BFF2513A56800E42E11 /* FindDuplicateFileName */,
				25263C432513AA3300FC9F80 /* FileExplorer */,
				25872BFE2513A56800E42E11 /* Products */,
				259713E5251A402B0074093F /* Frameworks */,
			);
			sourceTree = "<group>";
		};
		25872BFE2513A56800E42E11 /* Products */ = {
			isa = PBXGroup;
			children = (
				25872BFD2513A56800E42E11 /* FindDuplicateFileName.app */,
			);
			name = Products;
			sourceTree = "<group>";
		};
		25872BFF2513A56800E42E11 /* FindDuplicateFileName */ = {
			isa = PBXGroup;
			children = (
				25263C4A2513AA9000FC9F80 /* AppDelegate.swift */,
				25263C482513AA8F00FC9F80 /* LogoInfoViewController.swift */,
				25263C442513AA8F00FC9F80 /* SearchFileNameResultViewController.swift */,
				25263C462513AA8F00FC9F80 /* SearchPreferences.swift */,
				25263C452513AA8F00FC9F80 /* SelectDirectoryViewController.swift */,
				25872C042513A56900E42E11 /* Assets.xcassets */,
				25872C062513A56900E42E11 /* Main.storyboard */,
				25872C092513A56900E42E11 /* Info.plist */,
				25872C0A2513A56900E42E11 /* FindDuplicateFileName.entitlements */,
			);
			path = FindDuplicateFileName;
			sourceTree = "<group>";
		};
		259713E5251A402B0074093F /* Frameworks */ = {
			isa = PBXGroup;
			children = (
			);
			name = Frameworks;
			sourceTree = "<group>";
		};
/* End PBXGroup section */

/* Begin PBXNativeTarget section */
		25872BFC2513A56800E42E11 /* FindDuplicateFileName */ = {
			isa = PBXNativeTarget;
			buildConfigurationList = 25872C0D2513A56900E42E11 /* Build configuration list for PBXNativeTarget "FindDuplicateFileName" */;
			buildPhases = (
				25872BF92513A56800E42E11 /* Sources */,
				25872BFA2513A56800E42E11 /* Frameworks */,
				25872BFB2513A56800E42E11 /* Resources */,
			);
			buildRules = (
			);
			dependencies = (
			);
			name = FindDuplicateFileName;
			packageProductDependencies = (
				259713E6251A402B0074093F /* FileExplorer */,
			);
			productName = FindDuplicateFileName;
			productReference = 25872BFD2513A56800E42E11 /* FindDuplicateFileName.app */;
			productType = "com.apple.product-type.application";
		};
/* End PBXNativeTarget section */

/* Begin PBXProject section */
		25872BF52513A56800E42E11 /* Project object */ = {
			isa = PBXProject;
			attributes = {
				LastSwiftUpdateCheck = 1160;
				LastUpgradeCheck = 1160;
				ORGANIZATIONNAME = "Nixon Shih";
				TargetAttributes = {
					25872BFC2513A56800E42E11 = {
						CreatedOnToolsVersion = 11.6;
					};
				};
			};
			buildConfigurationList = 25872BF82513A56800E42E11 /* Build configuration list for PBXProject "FindDuplicateFileName" */;
			compatibilityVersion = "Xcode 9.3";
			developmentRegion = en;
			hasScannedForEncodings = 0;
			knownRegions = (
				en,
				Base,
			);
			mainGroup = 25872BF42513A56800E42E11;
			productRefGroup = 25872BFE2513A56800E42E11 /* Products */;
			projectDirPath = "";
			projectRoot = "";
			targets = (
				25872BFC2513A56800E42E11 /* FindDuplicateFileName */,
			);
		};
/* End PBXProject section */

/* Begin PBXResourcesBuildPhase section */
		25872BFB2513A56800E42E11 /* Resources */ = {
			isa = PBXResourcesBuildPhase;
			buildActionMask = 2147483647;
			files = (
				25872C052513A56900E42E11 /* Assets.xcassets in Resources */,
				25872C082513A56900E42E11 /* Main.storyboard in Resources */,
			);
			runOnlyForDeploymentPostprocessing = 0;
		};
/* End PBXResourcesBuildPhase section */

/* Begin PBXSourcesBuildPhase section */
		25872BF92513A56800E42E11 /* Sources */ = {
			isa = PBXSourcesBuildPhase;
			buildActionMask = 2147483647;
			files = (
				25263C512513AA9000FC9F80 /* AppDelegate.swift in Sources */,
				25263C4B2513AA9000FC9F80 /* SearchFileNameResultViewController.swift in Sources */,
				25263C4F2513AA9000FC9F80 /* LogoInfoViewController.swift in Sources */,
				25263C4D2513AA9000FC9F80 /* SearchPreferences.swift in Sources */,
				25263C4C2513AA9000FC9F80 /* SelectDirectoryViewController.swift in Sources */,
			);
			runOnlyForDeploymentPostprocessing = 0;
		};
/* End PBXSourcesBuildPhase section */

/* Begin PBXVariantGroup section */
		25872C062513A56900E42E11 /* Main.storyboard */ = {
			isa = PBXVariantGroup;
			children = (
				25872C072513A56900E42E11 /* Base */,
			);
			name = Main.storyboard;
			sourceTree = "<group>";
		};
/* End PBXVariantGroup section */

/* Begin XCBuildConfiguration section */
		25872C0B2513A56900E42E11 /* Debug */ = {
			isa = XCBuildConfiguration;
			buildSettings = {
				ALWAYS_SEARCH_USER_PATHS = NO;
				CLANG_ANALYZER_NONNULL = YES;
				CLANG_ANALYZER_NUMBER_OBJECT_CONVERSION = YES_AGGRESSIVE;
				CLANG_CXX_LANGUAGE_STANDARD = "gnu++14";
				CLANG_CXX_LIBRARY = "libc++";
				CLANG_ENABLE_MODULES = YES;
				CLANG_ENABLE_OBJC_ARC = YES;
				CLANG_ENABLE_OBJC_WEAK = YES;
				CLANG_WARN_BLOCK_CAPTURE_AUTORELEASING = YES;
				CLANG_WARN_BOOL_CONVERSION = YES;
				CLANG_WARN_COMMA = YES;
				CLANG_WARN_CONSTANT_CONVERSION = YES;
				CLANG_WARN_DEPRECATED_OBJC_IMPLEMENTATIONS = YES;
				CLANG_WARN_DIRECT_OBJC_ISA_USAGE = YES_ERROR;
				CLANG_WARN_DOCUMENTATION_COMMENTS = YES;
				CLANG_WARN_EMPTY_BODY = YES;
				CLANG_WARN_ENUM_CONVERSION = YES;
				CLANG_WARN_INFINITE_RECURSION = YES;
				CLANG_WARN_INT_CONVERSION = YES;
				CLANG_WARN_NON_LITERAL_NULL_CONVERSION = YES;
				CLANG_WARN_OBJC_IMPLICIT_RETAIN_SELF = YES;
				CLANG_WARN_OBJC_LITERAL_CONVERSION = YES;
				CLANG_WARN_OBJC_ROOT_CLASS = YES_ERROR;
				CLANG_WARN_RANGE_LOOP_ANALYSIS = YES;
				CLANG_WARN_STRICT_PROTOTYPES = YES;
				CLANG_WARN_SUSPICIOUS_MOVE = YES;
				CLANG_WARN_UNGUARDED_AVAILABILITY = YES_AGGRESSIVE;
				CLANG_WARN_UNREACHABLE_CODE = YES;
				CLANG_WARN__DUPLICATE_METHOD_MATCH = YES;
				COPY_PHASE_STRIP = NO;
				DEBUG_INFORMATION_FORMAT = dwarf;
				ENABLE_STRICT_OBJC_MSGSEND = YES;
				ENABLE_TESTABILITY = YES;
				GCC_C_LANGUAGE_STANDARD = gnu11;
				GCC_DYNAMIC_NO_PIC = NO;
				GCC_NO_COMMON_BLOCKS = YES;
				GCC_OPTIMIZATION_LEVEL = 0;
				GCC_PREPROCESSOR_DEFINITIONS = (
					"DEBUG=1",
					"$(inherited)",
				);
				GCC_WARN_64_TO_32_BIT_CONVERSION = YES;
				GCC_WARN_ABOUT_RETURN_TYPE = YES_ERROR;
				GCC_WARN_UNDECLARED_SELECTOR = YES;
				GCC_WARN_UNINITIALIZED_AUTOS = YES_AGGRESSIVE;
				GCC_WARN_UNUSED_FUNCTION = YES;
				GCC_WARN_UNUSED_VARIABLE = YES;
				MACOSX_DEPLOYMENT_TARGET = 10.15;
				MTL_ENABLE_DEBUG_INFO = INCLUDE_SOURCE;
				MTL_FAST_MATH = YES;
				ONLY_ACTIVE_ARCH = YES;
				SDKROOT = macosx;
				SWIFT_ACTIVE_COMPILATION_CONDITIONS = DEBUG;
				SWIFT_OPTIMIZATION_LEVEL = "-Onone";
			};
			name = Debug;
		};
		25872C0C2513A56900E42E11 /* Release */ = {
			isa = XCBuildConfiguration;
			buildSettings = {
				ALWAYS_SEARCH_USER_PATHS = NO;
				CLANG_ANALYZER_NONNULL = YES;
				CLANG_ANALYZER_NUMBER_OBJECT_CONVERSION = YES_AGGRESSIVE;
				CLANG_CXX_LANGUAGE_STANDARD = "gnu++14";
				CLANG_CXX_LIBRARY = "libc++";
				CLANG_ENABLE_MODULES = YES;
				CLANG_ENABLE_OBJC_ARC = YES;
				CLANG_ENABLE_OBJC_WEAK = YES;
				CLANG_WARN_BLOCK_CAPTURE_AUTORELEASING = YES;
				CLANG_WARN_BOOL_CONVERSION = YES;
				CLANG_WARN_COMMA = YES;
				CLANG_WARN_CONSTANT_CONVERSION = YES;
				CLANG_WARN_DEPRECATED_OBJC_IMPLEMENTATIONS = YES;
				CLANG_WARN_DIRECT_OBJC_ISA_USAGE = YES_ERROR;
				CLANG_WARN_DOCUMENTATION_COMMENTS = YES;
				CLANG_WARN_EMPTY_BODY = YES;
				CLANG_WARN_ENUM_CONVERSION = YES;
				CLANG_WARN_INFINITE_RECURSION = YES;
				CLANG_WARN_INT_CONVERSION = YES;
				CLANG_WARN_NON_LITERAL_NULL_CONVERSION = YES;
				CLANG_WARN_OBJC_IMPLICIT_RETAIN_SELF = YES;
				CLANG_WARN_OBJC_LITERAL_CONVERSION = YES;
				CLANG_WARN_OBJC_ROOT_CLASS = YES_ERROR;
				CLANG_WARN_RANGE_LOOP_ANALYSIS = YES;
				CLANG_WARN_STRICT_PROTOTYPES = YES;
				CLANG_WARN_SUSPICIOUS_MOVE = YES;
				CLANG_WARN_UNGUARDED_AVAILABILITY = YES_AGGRESSIVE;
				CLANG_WARN_UNREACHABLE_CODE = YES;
				CLANG_WARN__DUPLICATE_METHOD_MATCH = YES;
				COPY_PHASE_STRIP = NO;
				DEBUG_INFORMATION_FORMAT = "dwarf-with-dsym";
				ENABLE_NS_ASSERTIONS = NO;
				ENABLE_STRICT_OBJC_MSGSEND = YES;
				GCC_C_LANGUAGE_STANDARD = gnu11;
				GCC_NO_COMMON_BLOCKS = YES;
				GCC_WARN_64_TO_32_BIT_CONVERSION = YES;
				GCC_WARN_ABOUT_RETURN_TYPE = YES_ERROR;
				GCC_WARN_UNDECLARED_SELECTOR = YES;
				GCC_WARN_UNINITIALIZED_AUTOS = YES_AGGRESSIVE;
				GCC_WARN_UNUSED_FUNCTION = YES;
				GCC_WARN_UNUSED_VARIABLE = YES;
				MACOSX_DEPLOYMENT_TARGET = 10.15;
				MTL_ENABLE_DEBUG_INFO = NO;
				MTL_FAST_MATH = YES;
				SDKROOT = macosx;
				SWIFT_COMPILATION_MODE = wholemodule;
				SWIFT_OPTIMIZATION_LEVEL = "-O";
			};
			name = Release;
		};
		25872C0E2513A56900E42E11 /* Debug */ = {
			isa = XCBuildConfiguration;
			buildSettings = {
				ASSETCATALOG_COMPILER_APPICON_NAME = AppIcon;
				CODE_SIGN_ENTITLEMENTS = FindDuplicateFileName/FindDuplicateFileName.entitlements;
				CODE_SIGN_STYLE = Automatic;
				COMBINE_HIDPI_IMAGES = YES;
				DEVELOPMENT_TEAM = RF986632CV;
				ENABLE_HARDENED_RUNTIME = YES;
				INFOPLIST_FILE = FindDuplicateFileName/Info.plist;
				LD_RUNPATH_SEARCH_PATHS = (
					"$(inherited)",
					"@executable_path/../Frameworks",
				);
				PRODUCT_BUNDLE_IDENTIFIER = net.nixondesign.FindDuplicateFileName;
				PRODUCT_NAME = "$(TARGET_NAME)";
				SWIFT_VERSION = 5.0;
			};
			name = Debug;
		};
		25872C0F2513A56900E42E11 /* Release */ = {
			isa = XCBuildConfiguration;
			buildSettings = {
				ASSETCATALOG_COMPILER_APPICON_NAME = AppIcon;
				CODE_SIGN_ENTITLEMENTS = FindDuplicateFileName/FindDuplicateFileName.entitlements;
				CODE_SIGN_STYLE = Automatic;
				COMBINE_HIDPI_IMAGES = YES;
				DEVELOPMENT_TEAM = RF986632CV;
				ENABLE_HARDENED_RUNTIME = YES;
				INFOPLIST_FILE = FindDuplicateFileName/Info.plist;
				LD_RUNPATH_SEARCH_PATHS = (
					"$(inherited)",
					"@executable_path/../Frameworks",
				);
				PRODUCT_BUNDLE_IDENTIFIER = net.nixondesign.FindDuplicateFileName;
				PRODUCT_NAME = "$(TARGET_NAME)";
				SWIFT_VERSION = 5.0;
			};
			name = Release;
		};
/* End XCBuildConfiguration section */

/* Begin XCConfigurationList section */
		25872BF82513A56800E42E11 /* Build configuration list for PBXProject "FindDuplicateFileName" */ = {
			isa = XCConfigurationList;
			buildConfigurations = (
				25872C0B2513A56900E42E11 /* Debug */,
				25872C0C2513A56900E42E11 /* Release */,
			);
			defaultConfigurationIsVisible = 0;
			defaultConfigurationName = Release;
		};
		25872C0D2513A56900E42E11 /* Build configuration list for PBXNativeTarget "FindDuplicateFileName" */ = {
			isa = XCConfigurationList;
			buildConfigurations = (
				25872C0E2513A56900E42E11 /* Debug */,
				25872C0F2513A56900E42E11 /* Release */,
			);
			defaultConfigurationIsVisible = 0;
			defaultConfigurationName = Release;
		};
/* End XCConfigurationList section */

/* Begin XCSwiftPackageProductDependency section */
		259713E6251A402B0074093F /* FileExplorer */ = {
			isa = XCSwiftPackageProductDependency;
			productName = FileExplorer;
		};
/* End XCSwiftPackageProductDependency section */
	};
	rootObject = 25872BF52513A56800E42E11 /* Project object */;
}
